// !$*UTF8*$!
{
	archiveVersion = 1;
	classes = {
	};
	objectVersion = 56;
	objects = {

/* Begin PBXBuildFile section */
		54BB23431E7BA4CC0D80C06D /* libPods-iOSAbility.a in Frameworks */ = {isa = PBXBuildFile; fileRef = E1CA2283D37D6429BE2D0504 /* libPods-iOSAbility.a */; };
		78DD9D4C2B39C16900C1943F /* AppDelegate.m in Sources */ = {isa = PBXBuildFile; fileRef = 78DD9D4B2B39C16900C1943F /* AppDelegate.m */; };
		78DD9D4F2B39C16900C1943F /* SceneDelegate.m in Sources */ = {isa = PBXBuildFile; fileRef = 78DD9D4E2B39C16900C1943F /* SceneDelegate.m */; };
		78DD9D522B39C16A00C1943F /* RootViewController.m in Sources */ = {isa = PBXBuildFile; fileRef = 78DD9D512B39C16A00C1943F /* RootViewController.m */; };
		78DD9D552B39C16A00C1943F /* Main.storyboard in Resources */ = {isa = PBXBuildFile; fileRef = 78DD9D532B39C16A00C1943F /* Main.storyboard */; };
		78DD9D572B39C16B00C1943F /* Assets.xcassets in Resources */ = {isa = PBXBuildFile; fileRef = 78DD9D562B39C16B00C1943F /* Assets.xcassets */; };
		78DD9D5A2B39C16B00C1943F /* LaunchScreen.storyboard in Resources */ = {isa = PBXBuildFile; fileRef = 78DD9D582B39C16B00C1943F /* LaunchScreen.storyboard */; };
		78DD9D5D2B39C16B00C1943F /* main.m in Sources */ = {isa = PBXBuildFile; fileRef = 78DD9D5C2B39C16B00C1943F /* main.m */; };
		78DD9D652B39C3F900C1943F /* RootViewModel.m in Sources */ = {isa = PBXBuildFile; fileRef = 78DD9D642B39C3F900C1943F /* RootViewModel.m */; };
		78DD9D692B39C68800C1943F /* ScrollUpHideNavigationBarViewModel.m in Sources */ = {isa = PBXBuildFile; fileRef = 78DD9D682B39C68800C1943F /* ScrollUpHideNavigationBarViewModel.m */; };
		78DD9D6C2B39C6A500C1943F /* ScrollUpHideNavigationBarController.m in Sources */ = {isa = PBXBuildFile; fileRef = 78DD9D6B2B39C6A500C1943F /* ScrollUpHideNavigationBarController.m */; };
		78DD9D6F2B39C7B200C1943F /* RowViewModel.m in Sources */ = {isa = PBXBuildFile; fileRef = 78DD9D6E2B39C7B200C1943F /* RowViewModel.m */; };
		78DD9D722B39CA6200C1943F /* RowContents.plist in Resources */ = {isa = PBXBuildFile; fileRef = 78DD9D742B39CA6200C1943F /* RowContents.plist */; };
		78DD9D7A2B39D08700C1943F /* RowCell.m in Sources */ = {isa = PBXBuildFile; fileRef = 78DD9D792B39D08700C1943F /* RowCell.m */; };
		78DD9D7E2B3B1D1600C1943F /* ScrollUpHideTableHeadViewModel.m in Sources */ = {isa = PBXBuildFile; fileRef = 78DD9D7D2B3B1D1600C1943F /* ScrollUpHideTableHeadViewModel.m */; };
		78DD9D812B3B1D6400C1943F /* ScrollUpHideTableHeadController.m in Sources */ = {isa = PBXBuildFile; fileRef = 78DD9D802B3B1D6400C1943F /* ScrollUpHideTableHeadController.m */; };
/* End PBXBuildFile section */

/* Begin PBXFileReference section */
		11B8CB3CAC089EF15B5926FD /* Pods-iOSAbility.release.xcconfig */ = {isa = PBXFileReference; includeInIndex = 1; lastKnownFileType = text.xcconfig; name = "Pods-iOSAbility.release.xcconfig"; path = "Target Support Files/Pods-iOSAbility/Pods-iOSAbility.release.xcconfig"; sourceTree = "<group>"; };
		1613359651D31A2B1EBDC992 /* Pods-iOSAbility.debug.xcconfig */ = {isa = PBXFileReference; includeInIndex = 1; lastKnownFileType = text.xcconfig; name = "Pods-iOSAbility.debug.xcconfig"; path = "Target Support Files/Pods-iOSAbility/Pods-iOSAbility.debug.xcconfig"; sourceTree = "<group>"; };
		78DD9D472B39C16900C1943F /* iOSAbility.app */ = {isa = PBXFileReference; explicitFileType = wrapper.application; includeInIndex = 0; path = iOSAbility.app; sourceTree = BUILT_PRODUCTS_DIR; };
		78DD9D4A2B39C16900C1943F /* AppDelegate.h */ = {isa = PBXFileReference; lastKnownFileType = sourcecode.c.h; path = AppDelegate.h; sourceTree = "<group>"; };
		78DD9D4B2B39C16900C1943F /* AppDelegate.m */ = {isa = PBXFileReference; lastKnownFileType = sourcecode.c.objc; path = AppDelegate.m; sourceTree = "<group>"; };
		78DD9D4D2B39C16900C1943F /* SceneDelegate.h */ = {isa = PBXFileReference; lastKnownFileType = sourcecode.c.h; path = SceneDelegate.h; sourceTree = "<group>"; };
		78DD9D4E2B39C16900C1943F /* SceneDelegate.m */ = {isa = PBXFileReference; lastKnownFileType = sourcecode.c.objc; path = SceneDelegate.m; sourceTree = "<group>"; };
		78DD9D502B39C16900C1943F /* RootViewController.h */ = {isa = PBXFileReference; lastKnownFileType = sourcecode.c.h; path = RootViewController.h; sourceTree = "<group>"; };
		78DD9D512B39C16A00C1943F /* RootViewController.m */ = {isa = PBXFileReference; lastKnownFileType = sourcecode.c.objc; path = RootViewController.m; sourceTree = "<group>"; };
		78DD9D542B39C16A00C1943F /* Base */ = {isa = PBXFileReference; lastKnownFileType = file.storyboard; name = Base; path = Base.lproj/Main.storyboard; sourceTree = "<group>"; };
		78DD9D562B39C16B00C1943F /* Assets.xcassets */ = {isa = PBXFileReference; lastKnownFileType = folder.assetcatalog; path = Assets.xcassets; sourceTree = "<group>"; };
		78DD9D592B39C16B00C1943F /* Base */ = {isa = PBXFileReference; lastKnownFileType = file.storyboard; name = Base; path = Base.lproj/LaunchScreen.storyboard; sourceTree = "<group>"; };
		78DD9D5B2B39C16B00C1943F /* Info.plist */ = {isa = PBXFileReference; lastKnownFileType = text.plist.xml; path = Info.plist; sourceTree = "<group>"; };
		78DD9D5C2B39C16B00C1943F /* main.m */ = {isa = PBXFileReference; lastKnownFileType = sourcecode.c.objc; path = main.m; sourceTree = "<group>"; };
		78DD9D632B39C3F900C1943F /* RootViewModel.h */ = {isa = PBXFileReference; lastKnownFileType = sourcecode.c.h; path = RootViewModel.h; sourceTree = "<group>"; };
		78DD9D642B39C3F900C1943F /* RootViewModel.m */ = {isa = PBXFileReference; lastKnownFileType = sourcecode.c.objc; path = RootViewModel.m; sourceTree = "<group>"; };
		78DD9D672B39C68800C1943F /* ScrollUpHideNavigationBarViewModel.h */ = {isa = PBXFileReference; lastKnownFileType = sourcecode.c.h; path = ScrollUpHideNavigationBarViewModel.h; sourceTree = "<group>"; };
		78DD9D682B39C68800C1943F /* ScrollUpHideNavigationBarViewModel.m */ = {isa = PBXFileReference; lastKnownFileType = sourcecode.c.objc; path = ScrollUpHideNavigationBarViewModel.m; sourceTree = "<group>"; };
		78DD9D6A2B39C6A500C1943F /* ScrollUpHideNavigationBarController.h */ = {isa = PBXFileReference; lastKnownFileType = sourcecode.c.h; path = ScrollUpHideNavigationBarController.h; sourceTree = "<group>"; };
		78DD9D6B2B39C6A500C1943F /* ScrollUpHideNavigationBarController.m */ = {isa = PBXFileReference; lastKnownFileType = sourcecode.c.objc; path = ScrollUpHideNavigationBarController.m; sourceTree = "<group>"; };
		78DD9D6D2B39C7B200C1943F /* RowViewModel.h */ = {isa = PBXFileReference; lastKnownFileType = sourcecode.c.h; path = RowViewModel.h; sourceTree = "<group>"; };
		78DD9D6E2B39C7B200C1943F /* RowViewModel.m */ = {isa = PBXFileReference; lastKnownFileType = sourcecode.c.objc; path = RowViewModel.m; sourceTree = "<group>"; };
		78DD9D732B39CA6200C1943F /* en */ = {isa = PBXFileReference; lastKnownFileType = text.plist.xml; name = en; path = en.lproj/RowContents.plist; sourceTree = "<group>"; };
		78DD9D752B39CA8300C1943F /* zh-Hans */ = {isa = PBXFileReference; lastKnownFileType = text.plist.strings; name = "zh-Hans"; path = "zh-Hans.lproj/Main.strings"; sourceTree = "<group>"; };
		78DD9D762B39CA8300C1943F /* zh-Hans */ = {isa = PBXFileReference; lastKnownFileType = text.plist.strings; name = "zh-Hans"; path = "zh-Hans.lproj/LaunchScreen.strings"; sourceTree = "<group>"; };
		78DD9D772B39CA8300C1943F /* zh-Hans */ = {isa = PBXFileReference; lastKnownFileType = text.plist.xml; name = "zh-Hans"; path = "zh-Hans.lproj/RowContents.plist"; sourceTree = "<group>"; };
		78DD9D782B39D08700C1943F /* RowCell.h */ = {isa = PBXFileReference; lastKnownFileType = sourcecode.c.h; path = RowCell.h; sourceTree = "<group>"; };
		78DD9D792B39D08700C1943F /* RowCell.m */ = {isa = PBXFileReference; lastKnownFileType = sourcecode.c.objc; path = RowCell.m; sourceTree = "<group>"; };
		78DD9D7C2B3B1D1600C1943F /* ScrollUpHideTableHeadViewModel.h */ = {isa = PBXFileReference; lastKnownFileType = sourcecode.c.h; path = ScrollUpHideTableHeadViewModel.h; sourceTree = "<group>"; };
		78DD9D7D2B3B1D1600C1943F /* ScrollUpHideTableHeadViewModel.m */ = {isa = PBXFileReference; lastKnownFileType = sourcecode.c.objc; path = ScrollUpHideTableHeadViewModel.m; sourceTree = "<group>"; };
		78DD9D7F2B3B1D6400C1943F /* ScrollUpHideTableHeadController.h */ = {isa = PBXFileReference; lastKnownFileType = sourcecode.c.h; path = ScrollUpHideTableHeadController.h; sourceTree = "<group>"; };
		78DD9D802B3B1D6400C1943F /* ScrollUpHideTableHeadController.m */ = {isa = PBXFileReference; lastKnownFileType = sourcecode.c.objc; path = ScrollUpHideTableHeadController.m; sourceTree = "<group>"; };
		E1CA2283D37D6429BE2D0504 /* libPods-iOSAbility.a */ = {isa = PBXFileReference; explicitFileType = archive.ar; includeInIndex = 0; path = "libPods-iOSAbility.a"; sourceTree = BUILT_PRODUCTS_DIR; };
/* End PBXFileReference section */

/* Begin PBXFrameworksBuildPhase section */
		78DD9D442B39C16900C1943F /* Frameworks */ = {
			isa = PBXFrameworksBuildPhase;
			buildActionMask = 2147483647;
			files = (
				54BB23431E7BA4CC0D80C06D /* libPods-iOSAbility.a in Frameworks */,
			);
			runOnlyForDeploymentPostprocessing = 0;
		};
/* End PBXFrameworksBuildPhase section */

/* Begin PBXGroup section */
		531C931B5F3F56946F352788 /* Pods */ = {
			isa = PBXGroup;
			children = (
				1613359651D31A2B1EBDC992 /* Pods-iOSAbility.debug.xcconfig */,
				11B8CB3CAC089EF15B5926FD /* Pods-iOSAbility.release.xcconfig */,
			);
			path = Pods;
			sourceTree = "<group>";
		};
		5C143459C3B9FCF13964B0A8 /* Frameworks */ = {
			isa = PBXGroup;
			children = (
				E1CA2283D37D6429BE2D0504 /* libPods-iOSAbility.a */,
			);
			name = Frameworks;
			sourceTree = "<group>";
		};
		78DD9D3E2B39C16900C1943F = {
			isa = PBXGroup;
			children = (
				78DD9D492B39C16900C1943F /* iOSAbility */,
				78DD9D482B39C16900C1943F /* Products */,
				531C931B5F3F56946F352788 /* Pods */,
				5C143459C3B9FCF13964B0A8 /* Frameworks */,
			);
			sourceTree = "<group>";
		};
		78DD9D482B39C16900C1943F /* Products */ = {
			isa = PBXGroup;
			children = (
				78DD9D472B39C16900C1943F /* iOSAbility.app */,
			);
			name = Products;
			sourceTree = "<group>";
		};
		78DD9D492B39C16900C1943F /* iOSAbility */ = {
			isa = PBXGroup;
			children = (
				78DD9D7B2B3B1CCA00C1943F /* ScrollUpHideTableHeadView */,
				78DD9D662B39C4CD00C1943F /* ScrollUpHideNavigationBar */,
				78DD9D4A2B39C16900C1943F /* AppDelegate.h */,
				78DD9D4B2B39C16900C1943F /* AppDelegate.m */,
				78DD9D4D2B39C16900C1943F /* SceneDelegate.h */,
				78DD9D4E2B39C16900C1943F /* SceneDelegate.m */,
				78DD9D502B39C16900C1943F /* RootViewController.h */,
				78DD9D512B39C16A00C1943F /* RootViewController.m */,
				78DD9D632B39C3F900C1943F /* RootViewModel.h */,
				78DD9D642B39C3F900C1943F /* RootViewModel.m */,
				78DD9D6D2B39C7B200C1943F /* RowViewModel.h */,
				78DD9D6E2B39C7B200C1943F /* RowViewModel.m */,
				78DD9D782B39D08700C1943F /* RowCell.h */,
				78DD9D792B39D08700C1943F /* RowCell.m */,
				78DD9D742B39CA6200C1943F /* RowContents.plist */,
				78DD9D532B39C16A00C1943F /* Main.storyboard */,
				78DD9D562B39C16B00C1943F /* Assets.xcassets */,
				78DD9D582B39C16B00C1943F /* LaunchScreen.storyboard */,
				78DD9D5B2B39C16B00C1943F /* Info.plist */,
				78DD9D5C2B39C16B00C1943F /* main.m */,
			);
			path = iOSAbility;
			sourceTree = "<group>";
		};
		78DD9D662B39C4CD00C1943F /* ScrollUpHideNavigationBar */ = {
			isa = PBXGroup;
			children = (
				78DD9D672B39C68800C1943F /* ScrollUpHideNavigationBarViewModel.h */,
				78DD9D682B39C68800C1943F /* ScrollUpHideNavigationBarViewModel.m */,
				78DD9D6A2B39C6A500C1943F /* ScrollUpHideNavigationBarController.h */,
				78DD9D6B2B39C6A500C1943F /* ScrollUpHideNavigationBarController.m */,
			);
			path = ScrollUpHideNavigationBar;
			sourceTree = "<group>";
		};
		78DD9D7B2B3B1CCA00C1943F /* ScrollUpHideTableHeadView */ = {
			isa = PBXGroup;
			children = (
				78DD9D7C2B3B1D1600C1943F /* ScrollUpHideTableHeadViewModel.h */,
				78DD9D7D2B3B1D1600C1943F /* ScrollUpHideTableHeadViewModel.m */,
				78DD9D7F2B3B1D6400C1943F /* ScrollUpHideTableHeadController.h */,
				78DD9D802B3B1D6400C1943F /* ScrollUpHideTableHeadController.m */,
			);
			path = ScrollUpHideTableHeadView;
			sourceTree = "<group>";
		};
/* End PBXGroup section */

/* Begin PBXNativeTarget section */
		78DD9D462B39C16900C1943F /* iOSAbility */ = {
			isa = PBXNativeTarget;
			buildConfigurationList = 78DD9D602B39C16B00C1943F /* Build configuration list for PBXNativeTarget "iOSAbility" */;
			buildPhases = (
				134877A146FE295DEAA848D6 /* [CP] Check Pods Manifest.lock */,
				78DD9D432B39C16900C1943F /* Sources */,
				78DD9D442B39C16900C1943F /* Frameworks */,
				78DD9D452B39C16900C1943F /* Resources */,
			);
			buildRules = (
			);
			dependencies = (
			);
			name = iOSAbility;
			productName = iOSAbility;
			productReference = 78DD9D472B39C16900C1943F /* iOSAbility.app */;
			productType = "com.apple.product-type.application";
		};
/* End PBXNativeTarget section */

/* Begin PBXProject section */
		78DD9D3F2B39C16900C1943F /* Project object */ = {
			isa = PBXProject;
			attributes = {
				BuildIndependentTargetsInParallel = 1;
				LastUpgradeCheck = 1500;
				TargetAttributes = {
					78DD9D462B39C16900C1943F = {
						CreatedOnToolsVersion = 15.0.1;
					};
				};
			};
			buildConfigurationList = 78DD9D422B39C16900C1943F /* Build configuration list for PBXProject "iOSAbility" */;
			compatibilityVersion = "Xcode 14.0";
			developmentRegion = en;
			hasScannedForEncodings = 0;
			knownRegions = (
				en,
				Base,
				"zh-Hans",
			);
			mainGroup = 78DD9D3E2B39C16900C1943F;
			productRefGroup = 78DD9D482B39C16900C1943F /* Products */;
			projectDirPath = "";
			projectRoot = "";
			targets = (
				78DD9D462B39C16900C1943F /* iOSAbility */,
			);
		};
/* End PBXProject section */

/* Begin PBXResourcesBuildPhase section */
		78DD9D452B39C16900C1943F /* Resources */ = {
			isa = PBXResourcesBuildPhase;
			buildActionMask = 2147483647;
			files = (
				78DD9D5A2B39C16B00C1943F /* LaunchScreen.storyboard in Resources */,
				78DD9D722B39CA6200C1943F /* RowContents.plist in Resources */,
				78DD9D572B39C16B00C1943F /* Assets.xcassets in Resources */,
				78DD9D552B39C16A00C1943F /* Main.storyboard in Resources */,
			);
			runOnlyForDeploymentPostprocessing = 0;
		};
/* End PBXResourcesBuildPhase section */

/* Begin PBXShellScriptBuildPhase section */
		134877A146FE295DEAA848D6 /* [CP] Check Pods Manifest.lock */ = {
			isa = PBXShellScriptBuildPhase;
			buildActionMask = 2147483647;
			files = (
			);
			inputFileListPaths = (
			);
			inputPaths = (
				"${PODS_PODFILE_DIR_PATH}/Podfile.lock",
				"${PODS_ROOT}/Manifest.lock",
			);
			name = "[CP] Check Pods Manifest.lock";
			outputFileListPaths = (
			);
			outputPaths = (
				"$(DERIVED_FILE_DIR)/Pods-iOSAbility-checkManifestLockResult.txt",
			);
			runOnlyForDeploymentPostprocessing = 0;
			shellPath = /bin/sh;
			shellScript = "diff \"${PODS_PODFILE_DIR_PATH}/Podfile.lock\" \"${PODS_ROOT}/Manifest.lock\" > /dev/null\nif [ $? != 0 ] ; then\n    # print error to STDERR\n    echo \"error: The sandbox is not in sync with the Podfile.lock. Run 'pod install' or update your CocoaPods installation.\" >&2\n    exit 1\nfi\n# This output is used by Xcode 'outputs' to avoid re-running this script phase.\necho \"SUCCESS\" > \"${SCRIPT_OUTPUT_FILE_0}\"\n";
			showEnvVarsInLog = 0;
		};
/* End PBXShellScriptBuildPhase section */

/* Begin PBXSourcesBuildPhase section */
		78DD9D432B39C16900C1943F /* Sources */ = {
			isa = PBXSourcesBuildPhase;
			buildActionMask = 2147483647;
			files = (
				78DD9D692B39C68800C1943F /* ScrollUpHideNavigationBarViewModel.m in Sources */,
				78DD9D7A2B39D08700C1943F /* RowCell.m in Sources */,
				78DD9D522B39C16A00C1943F /* RootViewController.m in Sources */,
				78DD9D4C2B39C16900C1943F /* AppDelegate.m in Sources */,
				78DD9D6C2B39C6A500C1943F /* ScrollUpHideNavigationBarController.m in Sources */,
				78DD9D652B39C3F900C1943F /* RootViewModel.m in Sources */,
				78DD9D7E2B3B1D1600C1943F /* ScrollUpHideTableHeadViewModel.m in Sources */,
				78DD9D6F2B39C7B200C1943F /* RowViewModel.m in Sources */,
				78DD9D5D2B39C16B00C1943F /* main.m in Sources */,
				78DD9D4F2B39C16900C1943F /* SceneDelegate.m in Sources */,
				78DD9D812B3B1D6400C1943F /* ScrollUpHideTableHeadController.m in Sources */,
			);
			runOnlyForDeploymentPostprocessing = 0;
		};
/* End PBXSourcesBuildPhase section */

/* Begin PBXVariantGroup section */
		78DD9D532B39C16A00C1943F /* Main.storyboard */ = {
			isa = PBXVariantGroup;
			children = (
				78DD9D542B39C16A00C1943F /* Base */,
				78DD9D752B39CA8300C1943F /* zh-Hans */,
			);
			name = Main.storyboard;
			sourceTree = "<group>";
		};
		78DD9D582B39C16B00C1943F /* LaunchScreen.storyboard */ = {
			isa = PBXVariantGroup;
			children = (
				78DD9D592B39C16B00C1943F /* Base */,
				78DD9D762B39CA8300C1943F /* zh-Hans */,
			);
			name = LaunchScreen.storyboard;
			sourceTree = "<group>";
		};
		78DD9D742B39CA6200C1943F /* RowContents.plist */ = {
			isa = PBXVariantGroup;
			children = (
				78DD9D732B39CA6200C1943F /* en */,
				78DD9D772B39CA8300C1943F /* zh-Hans */,
			);
			name = RowContents.plist;
			sourceTree = "<group>";
		};
/* End PBXVariantGroup section */

/* Begin XCBuildConfiguration section */
		78DD9D5E2B39C16B00C1943F /* Debug */ = {
			isa = XCBuildConfiguration;
			buildSettings = {
				ALWAYS_SEARCH_USER_PATHS = NO;
				ASSETCATALOG_COMPILER_GENERATE_SWIFT_ASSET_SYMBOL_EXTENSIONS = YES;
				CLANG_ANALYZER_LOCALIZABILITY_NONLOCALIZED = YES;
				CLANG_ANALYZER_NONNULL = YES;
				CLANG_ANALYZER_NUMBER_OBJECT_CONVERSION = YES_AGGRESSIVE;
				CLANG_CXX_LANGUAGE_STANDARD = "gnu++20";
				CLANG_ENABLE_MODULES = YES;
				CLANG_ENABLE_OBJC_ARC = YES;
				CLANG_ENABLE_OBJC_WEAK = YES;
				CLANG_WARN_BLOCK_CAPTURE_AUTORELEASING = YES;
				CLANG_WARN_BOOL_CONVERSION = YES;
				CLANG_WARN_COMMA = YES;
				CLANG_WARN_CONSTANT_CONVERSION = YES;
				CLANG_WARN_DEPRECATED_OBJC_IMPLEMENTATIONS = YES;
				CLANG_WARN_DIRECT_OBJC_ISA_USAGE = YES_ERROR;
				CLANG_WARN_DOCUMENTATION_COMMENTS = YES;
				CLANG_WARN_EMPTY_BODY = YES;
				CLANG_WARN_ENUM_CONVERSION = YES;
				CLANG_WARN_INFINITE_RECURSION = YES;
				CLANG_WARN_INT_CONVERSION = YES;
				CLANG_WARN_NON_LITERAL_NULL_CONVERSION = YES;
				CLANG_WARN_OBJC_IMPLICIT_RETAIN_SELF = YES;
				CLANG_WARN_OBJC_LITERAL_CONVERSION = YES;
				CLANG_WARN_OBJC_ROOT_CLASS = YES_ERROR;
				CLANG_WARN_QUOTED_INCLUDE_IN_FRAMEWORK_HEADER = YES;
				CLANG_WARN_RANGE_LOOP_ANALYSIS = YES;
				CLANG_WARN_STRICT_PROTOTYPES = YES;
				CLANG_WARN_SUSPICIOUS_MOVE = YES;
				CLANG_WARN_UNGUARDED_AVAILABILITY = YES_AGGRESSIVE;
				CLANG_WARN_UNREACHABLE_CODE = YES;
				CLANG_WARN__DUPLICATE_METHOD_MATCH = YES;
				COPY_PHASE_STRIP = NO;
				DEBUG_INFORMATION_FORMAT = dwarf;
				ENABLE_STRICT_OBJC_MSGSEND = YES;
				ENABLE_TESTABILITY = YES;
				ENABLE_USER_SCRIPT_SANDBOXING = YES;
				GCC_C_LANGUAGE_STANDARD = gnu17;
				GCC_DYNAMIC_NO_PIC = NO;
				GCC_NO_COMMON_BLOCKS = YES;
				GCC_OPTIMIZATION_LEVEL = 0;
				GCC_PREPROCESSOR_DEFINITIONS = (
					"DEBUG=1",
					"$(inherited)",
				);
				GCC_WARN_64_TO_32_BIT_CONVERSION = YES;
				GCC_WARN_ABOUT_RETURN_TYPE = YES_ERROR;
				GCC_WARN_UNDECLARED_SELECTOR = YES;
				GCC_WARN_UNINITIALIZED_AUTOS = YES_AGGRESSIVE;
				GCC_WARN_UNUSED_FUNCTION = YES;
				GCC_WARN_UNUSED_VARIABLE = YES;
				IPHONEOS_DEPLOYMENT_TARGET = 11.0;
				LOCALIZATION_PREFERS_STRING_CATALOGS = YES;
				MTL_ENABLE_DEBUG_INFO = INCLUDE_SOURCE;
				MTL_FAST_MATH = YES;
				ONLY_ACTIVE_ARCH = YES;
				SDKROOT = iphoneos;
			};
			name = Debug;
		};
		78DD9D5F2B39C16B00C1943F /* Release */ = {
			isa = XCBuildConfiguration;
			buildSettings = {
				ALWAYS_SEARCH_USER_PATHS = NO;
				ASSETCATALOG_COMPILER_GENERATE_SWIFT_ASSET_SYMBOL_EXTENSIONS = YES;
				CLANG_ANALYZER_LOCALIZABILITY_NONLOCALIZED = YES;
				CLANG_ANALYZER_NONNULL = YES;
				CLANG_ANALYZER_NUMBER_OBJECT_CONVERSION = YES_AGGRESSIVE;
				CLANG_CXX_LANGUAGE_STANDARD = "gnu++20";
				CLANG_ENABLE_MODULES = YES;
				CLANG_ENABLE_OBJC_ARC = YES;
				CLANG_ENABLE_OBJC_WEAK = YES;
				CLANG_WARN_BLOCK_CAPTURE_AUTORELEASING = YES;
				CLANG_WARN_BOOL_CONVERSION = YES;
				CLANG_WARN_COMMA = YES;
				CLANG_WARN_CONSTANT_CONVERSION = YES;
				CLANG_WARN_DEPRECATED_OBJC_IMPLEMENTATIONS = YES;
				CLANG_WARN_DIRECT_OBJC_ISA_USAGE = YES_ERROR;
				CLANG_WARN_DOCUMENTATION_COMMENTS = YES;
				CLANG_WARN_EMPTY_BODY = YES;
				CLANG_WARN_ENUM_CONVERSION = YES;
				CLANG_WARN_INFINITE_RECURSION = YES;
				CLANG_WARN_INT_CONVERSION = YES;
				CLANG_WARN_NON_LITERAL_NULL_CONVERSION = YES;
				CLANG_WARN_OBJC_IMPLICIT_RETAIN_SELF = YES;
				CLANG_WARN_OBJC_LITERAL_CONVERSION = YES;
				CLANG_WARN_OBJC_ROOT_CLASS = YES_ERROR;
				CLANG_WARN_QUOTED_INCLUDE_IN_FRAMEWORK_HEADER = YES;
				CLANG_WARN_RANGE_LOOP_ANALYSIS = YES;
				CLANG_WARN_STRICT_PROTOTYPES = YES;
				CLANG_WARN_SUSPICIOUS_MOVE = YES;
				CLANG_WARN_UNGUARDED_AVAILABILITY = YES_AGGRESSIVE;
				CLANG_WARN_UNREACHABLE_CODE = YES;
				CLANG_WARN__DUPLICATE_METHOD_MATCH = YES;
				COPY_PHASE_STRIP = NO;
				DEBUG_INFORMATION_FORMAT = "dwarf-with-dsym";
				ENABLE_NS_ASSERTIONS = NO;
				ENABLE_STRICT_OBJC_MSGSEND = YES;
				ENABLE_USER_SCRIPT_SANDBOXING = YES;
				GCC_C_LANGUAGE_STANDARD = gnu17;
				GCC_NO_COMMON_BLOCKS = YES;
				GCC_WARN_64_TO_32_BIT_CONVERSION = YES;
				GCC_WARN_ABOUT_RETURN_TYPE = YES_ERROR;
				GCC_WARN_UNDECLARED_SELECTOR = YES;
				GCC_WARN_UNINITIALIZED_AUTOS = YES_AGGRESSIVE;
				GCC_WARN_UNUSED_FUNCTION = YES;
				GCC_WARN_UNUSED_VARIABLE = YES;
				IPHONEOS_DEPLOYMENT_TARGET = 11.0;
				LOCALIZATION_PREFERS_STRING_CATALOGS = YES;
				MTL_ENABLE_DEBUG_INFO = NO;
				MTL_FAST_MATH = YES;
				SDKROOT = iphoneos;
				VALIDATE_PRODUCT = YES;
			};
			name = Release;
		};
		78DD9D612B39C16B00C1943F /* Debug */ = {
			isa = XCBuildConfiguration;
			baseConfigurationReference = 1613359651D31A2B1EBDC992 /* Pods-iOSAbility.debug.xcconfig */;
			buildSettings = {
				ASSETCATALOG_COMPILER_APPICON_NAME = AppIcon;
				ASSETCATALOG_COMPILER_GLOBAL_ACCENT_COLOR_NAME = AccentColor;
				CODE_SIGN_STYLE = Automatic;
				CURRENT_PROJECT_VERSION = 1;
				DEVELOPMENT_TEAM = 4C39GTGS9D;
				GENERATE_INFOPLIST_FILE = YES;
				INFOPLIST_FILE = iOSAbility/Info.plist;
				INFOPLIST_KEY_UIApplicationSupportsIndirectInputEvents = YES;
				INFOPLIST_KEY_UILaunchStoryboardName = LaunchScreen;
				INFOPLIST_KEY_UIMainStoryboardFile = Main;
				INFOPLIST_KEY_UISupportedInterfaceOrientations_iPad = "UIInterfaceOrientationPortrait UIInterfaceOrientationPortraitUpsideDown UIInterfaceOrientationLandscapeLeft UIInterfaceOrientationLandscapeRight";
				INFOPLIST_KEY_UISupportedInterfaceOrientations_iPhone = "UIInterfaceOrientationPortrait UIInterfaceOrientationLandscapeLeft UIInterfaceOrientationLandscapeRight";
				LD_RUNPATH_SEARCH_PATHS = (
					"$(inherited)",
					"@executable_path/Frameworks",
				);
				MARKETING_VERSION = 1.0;
				PRODUCT_BUNDLE_IDENTIFIER = com.itghost.iOSAbility;
				PRODUCT_NAME = "$(TARGET_NAME)";
				SWIFT_EMIT_LOC_STRINGS = YES;
				TARGETED_DEVICE_FAMILY = "1,2";
			};
			name = Debug;
		};
		78DD9D622B39C16B00C1943F /* Release */ = {
			isa = XCBuildConfiguration;
			baseConfigurationReference = 11B8CB3CAC089EF15B5926FD /* Pods-iOSAbility.release.xcconfig */;
			buildSettings = {
				ASSETCATALOG_COMPILER_APPICON_NAME = AppIcon;
				ASSETCATALOG_COMPILER_GLOBAL_ACCENT_COLOR_NAME = AccentColor;
				CODE_SIGN_STYLE = Automatic;
				CURRENT_PROJECT_VERSION = 1;
				DEVELOPMENT_TEAM = 4C39GTGS9D;
				GENERATE_INFOPLIST_FILE = YES;
				INFOPLIST_FILE = iOSAbility/Info.plist;
				INFOPLIST_KEY_UIApplicationSupportsIndirectInputEvents = YES;
				INFOPLIST_KEY_UILaunchStoryboardName = LaunchScreen;
				INFOPLIST_KEY_UIMainStoryboardFile = Main;
				INFOPLIST_KEY_UISupportedInterfaceOrientations_iPad = "UIInterfaceOrientationPortrait UIInterfaceOrientationPortraitUpsideDown UIInterfaceOrientationLandscapeLeft UIInterfaceOrientationLandscapeRight";
				INFOPLIST_KEY_UISupportedInterfaceOrientations_iPhone = "UIInterfaceOrientationPortrait UIInterfaceOrientationLandscapeLeft UIInterfaceOrientationLandscapeRight";
				LD_RUNPATH_SEARCH_PATHS = (
					"$(inherited)",
					"@executable_path/Frameworks",
				);
				MARKETING_VERSION = 1.0;
				PRODUCT_BUNDLE_IDENTIFIER = com.itghost.iOSAbility;
				PRODUCT_NAME = "$(TARGET_NAME)";
				SWIFT_EMIT_LOC_STRINGS = YES;
				TARGETED_DEVICE_FAMILY = "1,2";
			};
			name = Release;
		};
/* End XCBuildConfiguration section */

/* Begin XCConfigurationList section */
		78DD9D422B39C16900C1943F /* Build configuration list for PBXProject "iOSAbility" */ = {
			isa = XCConfigurationList;
			buildConfigurations = (
				78DD9D5E2B39C16B00C1943F /* Debug */,
				78DD9D5F2B39C16B00C1943F /* Release */,
			);
			defaultConfigurationIsVisible = 0;
			defaultConfigurationName = Release;
		};
		78DD9D602B39C16B00C1943F /* Build configuration list for PBXNativeTarget "iOSAbility" */ = {
			isa = XCConfigurationList;
			buildConfigurations = (
				78DD9D612B39C16B00C1943F /* Debug */,
				78DD9D622B39C16B00C1943F /* Release */,
			);
			defaultConfigurationIsVisible = 0;
			defaultConfigurationName = Release;
		};
/* End XCConfigurationList section */
	};
	rootObject = 78DD9D3F2B39C16900C1943F /* Project object */;
}
